<?xml version="1.0" encoding="UTF-8" standalone="yes" ?>
<CodeBlocks_project_file>
	<FileVersion major="1" minor="6" />
	<Project>
		<Option title="OPLC_Compiler" />
		<Option pch_mode="2" />
		<Option compiler="gcc" />
		<Build>
			<Target title="Debug">
				<Option output="bin/Debug/OPLC_Compiler" prefix_auto="1" extension_auto="1" />
				<Option object_output="obj/Debug/" />
				<Option type="1" />
				<Option compiler="gcc" />
				<Compiler>
					<Add option="-g" />
				</Compiler>
			</Target>
			<Target title="Release">
				<Option output="bin/Release/OPLC_Compiler" prefix_auto="1" extension_auto="1" />
				<Option object_output="obj/Release/" />
				<Option type="1" />
				<Option compiler="gcc" />
				<Compiler>
					<Add option="-O2" />
				</Compiler>
				<Linker>
					<Add option="-s" />
				</Linker>
			</Target>
		</Build>
		<Compiler>
			<Add option="-Wall" />
			<Add option="-fexceptions" />
		</Compiler>
		<Unit filename="ansic.cpp" />
		<Unit filename="circuit.cpp" />
		<Unit filename="compilecommon.cpp" />
		<Unit filename="intcode.cpp" />
		<Unit filename="intcode.h" />
		<Unit filename="iolist.cpp" />
		<Unit filename="loadsave.cpp" />
		<Unit filename="main.cpp" />
		<Unit filename="mcutable.h" />
		<Unit filename="miscutil.cpp" />
		<Unit filename="oplc_compiler.h">
			<Option target="&lt;{~None~}&gt;" />
		</Unit>
		<Unit filename="schematic.cpp" />
		<Extensions>
			<code_completion />
			<debugger />
		</Extensions>
	</Project>
</CodeBlocks_project_file>
